lockfileVersion: '6.0'

settings:
  autoInstallPeers: true
  excludeLinksFromLockfile: false

dependencies:
  '@tauri-apps/api':
    specifier: ^2.0.0-beta.4
    version: 2.0.0-beta.5
  '@tauri-apps/plugin-os':
    specifier: ^2.0.0-beta.2
    version: 2.0.0-beta.2
  '@tauri-apps/plugin-process':
    specifier: ^2.0.0-beta.2
    version: 2.0.0-beta.2
  '@tauri-apps/plugin-updater':
    specifier: ^2.0.0-beta.2
    version: 2.0.0-beta.2

devDependencies:
  '@tauri-apps/cli':
    specifier: ^2.0.0-beta.8
    version: 2.0.0-beta.9

packages:

  /@tauri-apps/api@2.0.0-beta.4:
    resolution: {integrity: sha512-Nxtj28NYUo5iwYkpYslxmOPkdI2WkELU2e3UH9nbJm9Ydki2CQwJVGQxx4EANtdZcMNsEsUzRqaDTvEUYH1l6w==}
    engines: {node: '>= 18', npm: '>= 6.6.0', yarn: '>= 1.19.1'}
    dev: false

  /@tauri-apps/api@2.0.0-beta.5:
    resolution: {integrity: sha512-lKRdV3adcNN8N+XLrnhGgWFrHsb7/I1VgweLjqTdOpEU7PKZcKvn1j3WOQGNNGSTD/RPSYBaGuXeE0Nk8eW3jw==}
    engines: {node: '>= 18', npm: '>= 6.6.0', yarn: '>= 1.19.1'}
    dev: false

  /@tauri-apps/cli-darwin-arm64@2.0.0-beta.9:
    resolution: {integrity: sha512-7OthLcko0Z2FUpP6fqJQhjaVKmxgXW6tWOi+X67HDjP1Iixquhh/vP5JqdSi7gYK8bphcegPp9UETuAgHx7MtA==}
    engines: {node: '>= 10'}
    cpu: [arm64]
    os: [darwin]
    requiresBuild: true
    dev: true
    optional: true

  /@tauri-apps/cli-darwin-x64@2.0.0-beta.9:
    resolution: {integrity: sha512-Pwf6GBGZuV9y7PEtaLQlzS3x91hFPkA0Ro8vaUxTirYkFiJFTgoigXDHjMsjfjy+E/8oAAHr7Z0zeA6ijR5t1w==}
    engines: {node: '>= 10'}
    cpu: [x64]
    os: [darwin]
    requiresBuild: true
    dev: true
    optional: true

  /@tauri-apps/cli-linux-arm-gnueabihf@2.0.0-beta.9:
    resolution: {integrity: sha512-daAXSac82vbYlwxbRT0DwFr4gP4v1XnHEwA72EeKRiKGw7GeHwzqoY/URVolBGY7sIBwwL+0qc1hqPde9dsm1g==}
    engines: {node: '>= 10'}
    cpu: [arm]
    os: [linux]
    requiresBuild: true
    dev: true
    optional: true

  /@tauri-apps/cli-linux-arm64-gnu@2.0.0-beta.9:
    resolution: {integrity: sha512-qHyACvFWIAbcl1C7cq64ciIXxaLOnZAgGXIEE48JLc5VeXkpYUF5sNLPjafidY/CxYoFoE453lh3dLc3DjNhuw==}
    engines: {node: '>= 10'}
    cpu: [arm64]
    os: [linux]
    requiresBuild: true
    dev: true
    optional: true

  /@tauri-apps/cli-linux-arm64-musl@2.0.0-beta.9:
    resolution: {integrity: sha512-DkrkxGKlQ1Sonvo4ltv6XqNxNuNxDyxfdZdvx3CEecKomMyFV6xTxp0/IcqF9fIRPL2Gp2PaPBWOuj+K8v95vw==}
    engines: {node: '>= 10'}
    cpu: [arm64]
    os: [linux]
    requiresBuild: true
    dev: true
    optional: true

  /@tauri-apps/cli-linux-x64-gnu@2.0.0-beta.9:
    resolution: {integrity: sha512-pY0DOrWAwSkIkhw7UdRK0VNVFLwP+yltqCoQ+Zji5Vwk/x98mBo0L2bF3nSOLhYPAaW41v3AIOIZY1sBYWSq/w==}
    engines: {node: '>= 10'}
    cpu: [x64]
    os: [linux]
    requiresBuild: true
    dev: true
    optional: true

  /@tauri-apps/cli-linux-x64-musl@2.0.0-beta.9:
    resolution: {integrity: sha512-GYQy1bKWbrRyr4X2epbltq82k4Vhr9TzNFky/fflOyDXlMP36IqBOjQ6PEzvKTajNglciIdTPQfdoUKX4+PA/Q==}
    engines: {node: '>= 10'}
    cpu: [x64]
    os: [linux]
    requiresBuild: true
    dev: true
    optional: true

  /@tauri-apps/cli-win32-arm64-msvc@2.0.0-beta.9:
    resolution: {integrity: sha512-0DTM06N/x57+vV/itT3l/34ZHjXIxPc315OWHE9MmY+vE37t/QFp9FNZDN/VdveZ1ZgmEn3rSQNchqcMaMdD3w==}
    engines: {node: '>= 10'}
    cpu: [arm64]
    os: [win32]
    requiresBuild: true
    dev: true
    optional: true

  /@tauri-apps/cli-win32-ia32-msvc@2.0.0-beta.9:
    resolution: {integrity: sha512-HxrSAVjYRjPGm97lf18BvuoirgrE5uyvpALvGO98m8ZO9Y9CHklEadYi19nCVlr5d4mmP2GUbxCCx1Mc8XRAuA==}
    engines: {node: '>= 10'}
    cpu: [ia32]
    os: [win32]
    requiresBuild: true
    dev: true
    optional: true

  /@tauri-apps/cli-win32-x64-msvc@2.0.0-beta.9:
    resolution: {integrity: sha512-abdCoiMjit9sSXziRCEf9VdEFbqqbEqg3ySOQmNAQTCsenr33iWjIoCMv/ThORtXKJ209yGyXlxBZY7Muxfi3A==}
    engines: {node: '>= 10'}
    cpu: [x64]
    os: [win32]
    requiresBuild: true
    dev: true
    optional: true

  /@tauri-apps/cli@2.0.0-beta.9:
    resolution: {integrity: sha512-QYBuCAAdV10tGOTMWGLbt6d+2+Tq8K9bb4oiinChUV/JmCNe9SaTlG6VW1cCJDf+/F0AuGOTgjyBNw8DOiTrow==}
    engines: {node: '>= 10'}
    hasBin: true
    optionalDependencies:
      '@tauri-apps/cli-darwin-arm64': 2.0.0-beta.9
      '@tauri-apps/cli-darwin-x64': 2.0.0-beta.9
      '@tauri-apps/cli-linux-arm-gnueabihf': 2.0.0-beta.9
      '@tauri-apps/cli-linux-arm64-gnu': 2.0.0-beta.9
      '@tauri-apps/cli-linux-arm64-musl': 2.0.0-beta.9
      '@tauri-apps/cli-linux-x64-gnu': 2.0.0-beta.9
      '@tauri-apps/cli-linux-x64-musl': 2.0.0-beta.9
      '@tauri-apps/cli-win32-arm64-msvc': 2.0.0-beta.9
      '@tauri-apps/cli-win32-ia32-msvc': 2.0.0-beta.9
      '@tauri-apps/cli-win32-x64-msvc': 2.0.0-beta.9
    dev: true

  /@tauri-apps/plugin-os@2.0.0-beta.2:
    resolution: {integrity: sha512-rhJ/sEYvEAeMUQt6UiFODi5dT6F/ciNZYBQrbFTwhIqwQ2fp87dmzsscMy7FQ9LOor8AW+kL1KWoadfgzA/mSA==}
    dependencies:
      '@tauri-apps/api': 2.0.0-beta.4
    dev: false

  /@tauri-apps/plugin-process@2.0.0-beta.2:
    resolution: {integrity: sha512-CLF3Figv68fk+mqdV1q8bufFlcQS3SSTiNX8Lc7FbSD211XOWShgiGm4D6QMUkFBxgXzZICWh/mrYnWdv3aYQA==}
    dependencies:
      '@tauri-apps/api': 2.0.0-beta.4
    dev: false

  /@tauri-apps/plugin-updater@2.0.0-beta.2:
    resolution: {integrity: sha512-T8EkAXawbyV/6/Lcf1VVIWhtGuals63zKn+udYNqlC8CRM5iYQ+8bM8Nmy2E+pIzkkx93d1t6/8geFitLZPmKw==}
    dependencies:
      '@tauri-apps/api': 2.0.0-beta.4
    dev: false
