lockfileVersion: '6.0'

settings:
  autoInstallPeers: true
  excludeLinksFromLockfile: false

dependencies:
  '@tauri-apps/api':
    specifier: ^2.0.0-beta.6
    version: 2.0.0-beta.6
  '@tauri-apps/plugin-os':
    specifier: ^2.0.0-beta.2
    version: 2.0.0-beta.2
  '@tauri-apps/plugin-process':
    specifier: ^2.0.0-beta.2
    version: 2.0.0-beta.2
  '@tauri-apps/plugin-updater':
    specifier: ^2.0.0-beta.2
    version: 2.0.0-beta.2

devDependencies:
  '@tauri-apps/cli':
    specifier: 2.0.0-beta.11
    version: 2.0.0-beta.11
  fs-extra:
    specifier: ^11.2.0
    version: 11.2.0

packages:

  /@tauri-apps/api@2.0.0-beta.4:
    resolution: {integrity: sha512-Nxtj28NYUo5iwYkpYslxmOPkdI2WkELU2e3UH9nbJm9Ydki2CQwJVGQxx4EANtdZcMNsEsUzRqaDTvEUYH1l6w==}
    engines: {node: '>= 18', npm: '>= 6.6.0', yarn: '>= 1.19.1'}
    dev: false

  /@tauri-apps/api@2.0.0-beta.6:
    resolution: {integrity: sha512-ay3kAXYQoqC3rX4Vr3y6uGwrBhRPM7UQqZ9wr1VYzN6lkcMIcu7+UBvytmcfXDlVctqFoMQJafn6+dK/Oqh8+Q==}
    engines: {node: '>= 18', npm: '>= 6.6.0', yarn: '>= 1.19.1'}
    dev: false

  /@tauri-apps/cli-darwin-arm64@2.0.0-beta.11:
    resolution: {integrity: sha512-gry05NbWnTSDVJjlHb0JOh/QikG+c/O8/QSolz0scO4i+Y0ke5QhpmtXCQVS9REoxX2ncei0/MpqL7tZHaPSyw==}
    engines: {node: '>= 10'}
    cpu: [arm64]
    os: [darwin]
    requiresBuild: true
    dev: true
    optional: true

  /@tauri-apps/cli-darwin-x64@2.0.0-beta.11:
    resolution: {integrity: sha512-3nQTiLAeJBjPHTobVpF+dDxtqrK5Euzaj2ZdOcs5wZLOFzKcV3HXPwBO7n40ACL71g7RREzuvCx92yGC/txdfw==}
    engines: {node: '>= 10'}
    cpu: [x64]
    os: [darwin]
    requiresBuild: true
    dev: true
    optional: true

  /@tauri-apps/cli-linux-arm-gnueabihf@2.0.0-beta.11:
    resolution: {integrity: sha512-Ucbr/ErIRfk5GDUb4hQVic/0ss+5KO1wLq3Dp6QR/h/ms4kS3ihMJiIFCIzGhsavNhPRDk2dDi35M9BNgiUW0Q==}
    engines: {node: '>= 10'}
    cpu: [arm]
    os: [linux]
    requiresBuild: true
    dev: true
    optional: true

  /@tauri-apps/cli-linux-arm64-gnu@2.0.0-beta.11:
    resolution: {integrity: sha512-wSWu+paay91d6/FPb8tS/UOtyei0dX98edYVO0GXd4KePsvu9ZkzXr1HAOeY0UG+P0Z7SIrSw9TnDc2HnGyRmg==}
    engines: {node: '>= 10'}
    cpu: [arm64]
    os: [linux]
    requiresBuild: true
    dev: true
    optional: true

  /@tauri-apps/cli-linux-arm64-musl@2.0.0-beta.11:
    resolution: {integrity: sha512-9P4UDsYbriXcPhfeOd0e4xmjd2XN1nkxnJlRPBc9tlLEHnzuXnYGQ/sFtUII4CkSnqeU7qPm44txxWoV44/T4A==}
    engines: {node: '>= 10'}
    cpu: [arm64]
    os: [linux]
    requiresBuild: true
    dev: true
    optional: true

  /@tauri-apps/cli-linux-x64-gnu@2.0.0-beta.11:
    resolution: {integrity: sha512-gYH8ear0rCOIi4oSCxRLClDmGs3HwvH3fr0go0Hi5ang/xu8CbwjgaQVOWW1nEpY7uckhKt4vSmO5p6iFEY01w==}
    engines: {node: '>= 10'}
    cpu: [x64]
    os: [linux]
    requiresBuild: true
    dev: true
    optional: true

  /@tauri-apps/cli-linux-x64-musl@2.0.0-beta.11:
    resolution: {integrity: sha512-bxLzF7SW7j8C/Qc5P8AR+rEtJWoHc00V9FZuT259tOo6LHJsSUUFCk4kA/Y7mt2/9SzVXNbo4qu0NngSQsYncg==}
    engines: {node: '>= 10'}
    cpu: [x64]
    os: [linux]
    requiresBuild: true
    dev: true
    optional: true

  /@tauri-apps/cli-win32-arm64-msvc@2.0.0-beta.11:
    resolution: {integrity: sha512-/o3jtkt0IT0aV074bmbUoCTa3eGj0OyZjnxs00MN5FkfvXvSXwA4FZroAdlme6linLm7vh+UtusorMRBXChG2A==}
    engines: {node: '>= 10'}
    cpu: [arm64]
    os: [win32]
    requiresBuild: true
    dev: true
    optional: true

  /@tauri-apps/cli-win32-ia32-msvc@2.0.0-beta.11:
    resolution: {integrity: sha512-LQvFnrIrvmSXbbisWXjXXx2y7UtHcuH0PC6c8wgEFaFS3eYRvsnckICk+Rbn8Ulnyj6lPAiB0N7QhJxmtDzdaw==}
    engines: {node: '>= 10'}
    cpu: [ia32]
    os: [win32]
    requiresBuild: true
    dev: true
    optional: true

  /@tauri-apps/cli-win32-x64-msvc@2.0.0-beta.11:
    resolution: {integrity: sha512-uJcQjR8tn44UlJXt+iGjIQLXp4ggug0KuwcYPXwD+ww3jV8RhHaPH2tPQ78ybgSJTIOsW41I9mE36Zcrso3oaQ==}
    engines: {node: '>= 10'}
    cpu: [x64]
    os: [win32]
    requiresBuild: true
    dev: true
    optional: true

  /@tauri-apps/cli@2.0.0-beta.11:
    resolution: {integrity: sha512-Q9mfn6v3XjnbNZpZl2IucU5F5EXW4i7vaN8Enm4kybIBk0tBqXbbc9p71CFJohe2lyvI0twHy7CcfhHNZnGrDw==}
    engines: {node: '>= 10'}
    hasBin: true
    optionalDependencies:
      '@tauri-apps/cli-darwin-arm64': 2.0.0-beta.11
      '@tauri-apps/cli-darwin-x64': 2.0.0-beta.11
      '@tauri-apps/cli-linux-arm-gnueabihf': 2.0.0-beta.11
      '@tauri-apps/cli-linux-arm64-gnu': 2.0.0-beta.11
      '@tauri-apps/cli-linux-arm64-musl': 2.0.0-beta.11
      '@tauri-apps/cli-linux-x64-gnu': 2.0.0-beta.11
      '@tauri-apps/cli-linux-x64-musl': 2.0.0-beta.11
      '@tauri-apps/cli-win32-arm64-msvc': 2.0.0-beta.11
      '@tauri-apps/cli-win32-ia32-msvc': 2.0.0-beta.11
      '@tauri-apps/cli-win32-x64-msvc': 2.0.0-beta.11
    dev: true

  /@tauri-apps/plugin-os@2.0.0-beta.2:
    resolution: {integrity: sha512-rhJ/sEYvEAeMUQt6UiFODi5dT6F/ciNZYBQrbFTwhIqwQ2fp87dmzsscMy7FQ9LOor8AW+kL1KWoadfgzA/mSA==}
    dependencies:
      '@tauri-apps/api': 2.0.0-beta.4
    dev: false

  /@tauri-apps/plugin-process@2.0.0-beta.2:
    resolution: {integrity: sha512-CLF3Figv68fk+mqdV1q8bufFlcQS3SSTiNX8Lc7FbSD211XOWShgiGm4D6QMUkFBxgXzZICWh/mrYnWdv3aYQA==}
    dependencies:
      '@tauri-apps/api': 2.0.0-beta.4
    dev: false

  /@tauri-apps/plugin-updater@2.0.0-beta.2:
    resolution: {integrity: sha512-T8EkAXawbyV/6/Lcf1VVIWhtGuals63zKn+udYNqlC8CRM5iYQ+8bM8Nmy2E+pIzkkx93d1t6/8geFitLZPmKw==}
    dependencies:
      '@tauri-apps/api': 2.0.0-beta.4
    dev: false

  /fs-extra@11.2.0:
    resolution: {integrity: sha512-PmDi3uwK5nFuXh7XDTlVnS17xJS7vW36is2+w3xcv8SVxiB4NyATf4ctkVY5bkSjX0Y4nbvZCq1/EjtEyr9ktw==}
    engines: {node: '>=14.14'}
    dependencies:
      graceful-fs: 4.2.11
      jsonfile: 6.1.0
      universalify: 2.0.1
    dev: true

  /graceful-fs@4.2.11:
    resolution: {integrity: sha512-RbJ5/jmFcNNCcDV5o9eTnBLJ/HszWV0P73bc+Ff4nS/rJj+YaS6IGyiOL0VoBYX+l1Wrl3k63h/KrH+nhJ0XvQ==}
    dev: true

  /jsonfile@6.1.0:
    resolution: {integrity: sha512-5dgndWOriYSm5cnYaJNhalLNDKOqFwyDB/rr1E9ZsGciGvKPs8R2xYGCacuf3z6K1YKDz182fd+fY3cn3pMqXQ==}
    dependencies:
      universalify: 2.0.1
    optionalDependencies:
      graceful-fs: 4.2.11
    dev: true

  /universalify@2.0.1:
    resolution: {integrity: sha512-gptHNQghINnc/vTGIk0SOFGFNXw7JVrlRUtConJRlvaw6DuX0wO5Jeko9sWrMBhh+PsYAZ7oXAiOnf/UKogyiw==}
    engines: {node: '>= 10.0.0'}
    dev: true
