lockfileVersion: '6.0'

dependencies:
  '@tauri-apps/api':
    specifier: ^2
    version: 2.0.0
  '@tauri-apps/plugin-os':
    specifier: ^2.0.0
    version: 2.0.0
  '@tauri-apps/plugin-process':
    specifier: ^2.0.0
    version: 2.0.0
  '@tauri-apps/plugin-updater':
    specifier: ^2.0.0
    version: 2.0.0

devDependencies:
  '@tauri-apps/cli':
    specifier: '2'
    version: 2.0.0
  fs-extra:
    specifier: ^11.2.0
    version: 11.2.0

packages:

  /@tauri-apps/api@2.0.0:
    resolution: {integrity: sha512-moKgCp2EX7X5GiOx/G/bmoEpkFQVVmyS98UaJU4xUVzan+E1BdwlAKcbip+cGldshYOqL4JSwAEN1OkRXeug0Q==}
    dev: false

  /@tauri-apps/cli-darwin-arm64@2.0.0:
    resolution: {integrity: sha512-+agYqg2c77imaMfKw7mzqecVIDGcwr6bZMdglJ808O2UjTFzMwnAam1sU26YBYU+IyIjwOu00fm9Azpal+N/Ew==}
    engines: {node: '>= 10'}
    cpu: [arm64]
    os: [darwin]
    requiresBuild: true
    dev: true
    optional: true

  /@tauri-apps/cli-darwin-x64@2.0.0:
    resolution: {integrity: sha512-keN2PLTTcZmbWwFMup/NGcshmvyLnhRPChO8lbm9C5a0IY7zUNQUD7/o/zIulQdLJqDxkdpWJ1j2jTycAtvtKQ==}
    engines: {node: '>= 10'}
    cpu: [x64]
    os: [darwin]
    requiresBuild: true
    dev: true
    optional: true

  /@tauri-apps/cli-linux-arm-gnueabihf@2.0.0:
    resolution: {integrity: sha512-FQJNrlCUBb9E7Fhp5ARy+Or8lSvorG41aVrfi0cGNvv1QlIGSj77TN7SKK+L1jAGzKj1Bl2kCZIESF6Zi8N/+Q==}
    engines: {node: '>= 10'}
    cpu: [arm]
    os: [linux]
    requiresBuild: true
    dev: true
    optional: true

  /@tauri-apps/cli-linux-arm64-gnu@2.0.0:
    resolution: {integrity: sha512-TK3VrZG5LK1NGueKwnZA1/3gj/qkwry001MNCHXjT6394dwrDv+digCc9Qc569h+xeH/FF71jyoiRIu3gRE6iA==}
    engines: {node: '>= 10'}
    cpu: [arm64]
    os: [linux]
    requiresBuild: true
    dev: true
    optional: true

  /@tauri-apps/cli-linux-arm64-musl@2.0.0:
    resolution: {integrity: sha512-E3hRmS/0m8YUYMTKZtBExpk/284CTi2nymks0dK0L1j+3KjffL7DiilnIfNFmTvWBgMrs0cVCtoaN/ba/A9mNA==}
    engines: {node: '>= 10'}
    cpu: [arm64]
    os: [linux]
    requiresBuild: true
    dev: true
    optional: true

  /@tauri-apps/cli-linux-x64-gnu@2.0.0:
    resolution: {integrity: sha512-veX4BJp5xnW8KmxVjchWt4oZEIvKGhuSR7qU1WpqTR21e/eTe/ksGsdXPsqOKQvv/w1X6jhqmlPvhnFmDwUJ/w==}
    engines: {node: '>= 10'}
    cpu: [x64]
    os: [linux]
    requiresBuild: true
    dev: true
    optional: true

  /@tauri-apps/cli-linux-x64-musl@2.0.0:
    resolution: {integrity: sha512-9Eso/8wbsWbOyd9PZEIzN/48ZQJrUGQqGZtglcjUku0lO76mnX0fOnit4nQ57Oj0wezJPhv4mgSseG1OsTIVzw==}
    engines: {node: '>= 10'}
    cpu: [x64]
    os: [linux]
    requiresBuild: true
    dev: true
    optional: true

  /@tauri-apps/cli-win32-arm64-msvc@2.0.0:
    resolution: {integrity: sha512-ky8vWAuDUf8WGt9+a0G/EbU0OhdIkogelh9qjIYGHbyEYAJqXfN5P40aHUEg3y8ngQ0YGwRX5ePsQsSZiiR5PQ==}
    engines: {node: '>= 10'}
    cpu: [arm64]
    os: [win32]
    requiresBuild: true
    dev: true
    optional: true

  /@tauri-apps/cli-win32-ia32-msvc@2.0.0:
    resolution: {integrity: sha512-uD45cLZ/EBaT8o4a27tHW7t5UKFplnvDLt/uSUaCpJ3NyOTV6nMXOUrJBe+hH9hSBohqNAF7LEyYo1p932DWFg==}
    engines: {node: '>= 10'}
    cpu: [ia32]
    os: [win32]
    requiresBuild: true
    dev: true
    optional: true

  /@tauri-apps/cli-win32-x64-msvc@2.0.0:
    resolution: {integrity: sha512-oFlo14YMsvyhJHmmHgRuOpJ1L9w15193c1Nfj1DksS2LHj6tLzirI7YrAF9inY/XjHFjNHzYPmBpABibkf/9wQ==}
    engines: {node: '>= 10'}
    cpu: [x64]
    os: [win32]
    requiresBuild: true
    dev: true
    optional: true

  /@tauri-apps/cli@2.0.0:
    resolution: {integrity: sha512-xxmPllRa6w/LRRcPczST3yHrYoi8l6ZZmzwabEmM0cgDdhVDmX+Y4oDJkiKD+8cVdxwwEzIuIKuaCwsX8iNsgA==}
    engines: {node: '>= 10'}
    hasBin: true
    optionalDependencies:
      '@tauri-apps/cli-darwin-arm64': 2.0.0
      '@tauri-apps/cli-darwin-x64': 2.0.0
      '@tauri-apps/cli-linux-arm-gnueabihf': 2.0.0
      '@tauri-apps/cli-linux-arm64-gnu': 2.0.0
      '@tauri-apps/cli-linux-arm64-musl': 2.0.0
      '@tauri-apps/cli-linux-x64-gnu': 2.0.0
      '@tauri-apps/cli-linux-x64-musl': 2.0.0
      '@tauri-apps/cli-win32-arm64-msvc': 2.0.0
      '@tauri-apps/cli-win32-ia32-msvc': 2.0.0
      '@tauri-apps/cli-win32-x64-msvc': 2.0.0
    dev: true

  /@tauri-apps/plugin-os@2.0.0:
    resolution: {integrity: sha512-M7hG/nNyQYTJxVG/UhTKhp9mpXriwWzrs9mqDreB8mIgqA3ek5nHLdwRZJWhkKjZrnDT4v9CpA9BhYeplTlAiA==}
    dependencies:
      '@tauri-apps/api': 2.0.0
    dev: false

  /@tauri-apps/plugin-process@2.0.0:
    resolution: {integrity: sha512-OYzi0GnkrF4NAnsHZU7U3tjSoP0PbeAlO7T1Z+vJoBUH9sFQ1NSLqWYWQyf8hcb3gVWe7P1JggjiskO+LST1ug==}
    dependencies:
      '@tauri-apps/api': 2.0.0
    dev: false

  /@tauri-apps/plugin-updater@2.0.0:
    resolution: {integrity: sha512-N0cl71g7RPr7zK2Fe5aoIwzw14NcdLcz7XMGFWZVjprsqgDRWoxbnUkknyCQMZthjhGkppCd/wN2MIsUz+eAhQ==}
    dependencies:
      '@tauri-apps/api': 2.0.0
    dev: false

  /fs-extra@11.2.0:
    resolution: {integrity: sha512-PmDi3uwK5nFuXh7XDTlVnS17xJS7vW36is2+w3xcv8SVxiB4NyATf4ctkVY5bkSjX0Y4nbvZCq1/EjtEyr9ktw==}
    engines: {node: '>=14.14'}
    dependencies:
      graceful-fs: 4.2.11
      jsonfile: 6.1.0
      universalify: 2.0.1
    dev: true

  /graceful-fs@4.2.11:
    resolution: {integrity: sha512-RbJ5/jmFcNNCcDV5o9eTnBLJ/HszWV0P73bc+Ff4nS/rJj+YaS6IGyiOL0VoBYX+l1Wrl3k63h/KrH+nhJ0XvQ==}
    dev: true

  /jsonfile@6.1.0:
    resolution: {integrity: sha512-5dgndWOriYSm5cnYaJNhalLNDKOqFwyDB/rr1E9ZsGciGvKPs8R2xYGCacuf3z6K1YKDz182fd+fY3cn3pMqXQ==}
    dependencies:
      universalify: 2.0.1
    optionalDependencies:
      graceful-fs: 4.2.11
    dev: true

  /universalify@2.0.1:
    resolution: {integrity: sha512-gptHNQghINnc/vTGIk0SOFGFNXw7JVrlRUtConJRlvaw6DuX0wO5Jeko9sWrMBhh+PsYAZ7oXAiOnf/UKogyiw==}
    engines: {node: '>= 10.0.0'}
    dev: true
